<?xml version="1.0" encoding="utf-8"?>
<Project ToolsVersion="4.0" xmlns="http://schemas.microsoft.com/developer/msbuild/2003">
  <ItemGroup>
    <Filter Include="Engine">
      <UniqueIdentifier>{58d95a2b-c9d2-4381-aa17-6a96e900aa91}</UniqueIdentifier>
    </Filter>
    <Filter Include="Engine\include">
      <UniqueIdentifier>{3e3b8e30-dbe8-4df9-b929-2bf6bbd07729}</UniqueIdentifier>
    </Filter>
    <Filter Include="Engine\source">
      <UniqueIdentifier>{b5e92c7c-2603-4853-bd7b-292422ff40ae}</UniqueIdentifier>
    </Filter>
    <Filter Include="Engine\resource">
      <UniqueIdentifier>{68e98ad9-6621-41f0-b00e-320e57b5c9ad}</UniqueIdentifier>
    </Filter>
    <Filter Include="Lib">
      <UniqueIdentifier>{45df3929-c511-410b-bd2a-b6aa3bc53b67}</UniqueIdentifier>
    </Filter>
    <Filter Include="Lib\Geometry">
      <UniqueIdentifier>{dfd979bd-d7a3-40c5-8ec4-96c583d2f4e5}</UniqueIdentifier>
    </Filter>
    <Filter Include="Lib\Geometry\include">
      <UniqueIdentifier>{5be19ec7-f08a-4ebe-8c6b-b47efd48ed36}</UniqueIdentifier>
    </Filter>
    <Filter Include="Lib\Geometry\source">
      <UniqueIdentifier>{6aa58b37-6f09-482f-a957-cf3a1c7d634c}</UniqueIdentifier>
    </Filter>
    <Filter Include="Lib\Camera">
      <UniqueIdentifier>{1cec2518-b6a2-4388-a79e-a81634453929}</UniqueIdentifier>
    </Filter>
    <Filter Include="Lib\Adapter">
      <UniqueIdentifier>{fd1c7892-a3f0-4d8d-a390-322ed6841943}</UniqueIdentifier>
    </Filter>
    <Filter Include="Lib\Adapter\Json">
      <UniqueIdentifier>{82b37c62-4bb1-4253-84ab-492a9766b2ba}</UniqueIdentifier>
    </Filter>
    <Filter Include="externals">
      <UniqueIdentifier>{43c05318-9472-48f0-850c-d2d184687826}</UniqueIdentifier>
    </Filter>
    <Filter Include="externals\imgui">
      <UniqueIdentifier>{ef83f67c-f410-431e-9701-50e4d655fd09}</UniqueIdentifier>
    </Filter>
    <Filter Include="Lib\Camera\include">
      <UniqueIdentifier>{01188340-a3d9-456e-96bd-81ff0a16b3c6}</UniqueIdentifier>
    </Filter>
    <Filter Include="Lib\Camera\source">
      <UniqueIdentifier>{824a63e6-4cdb-480c-9b3e-f95a47a866f1}</UniqueIdentifier>
    </Filter>
    <Filter Include="Lib\Light">
      <UniqueIdentifier>{2c42579f-e13b-474d-ae0f-b7783684b9a9}</UniqueIdentifier>
    </Filter>
    <Filter Include="Lib\Light\include">
      <UniqueIdentifier>{ca54dbac-2860-43dc-ad55-a8e8e489a890}</UniqueIdentifier>
    </Filter>
    <Filter Include="Lib\Light\source">
      <UniqueIdentifier>{d97f1fc1-4986-414d-926d-075d74cb2615}</UniqueIdentifier>
    </Filter>
    <Filter Include="Engine\DxObject">
      <UniqueIdentifier>{bb272065-9b14-4aa9-9f12-26a0a7c3c884}</UniqueIdentifier>
    </Filter>
    <Filter Include="Engine\DxObject\include">
      <UniqueIdentifier>{7765b0a2-6bed-4773-a325-be9aa6b6d9c3}</UniqueIdentifier>
    </Filter>
    <Filter Include="Engine\DxObject\source">
      <UniqueIdentifier>{10c19859-4678-4b5e-b5c5-28df2213ff6d}</UniqueIdentifier>
    </Filter>
    <Filter Include="Game">
      <UniqueIdentifier>{057e3c48-3983-4bbb-b899-fbb91025ace1}</UniqueIdentifier>
    </Filter>
    <Filter Include="Game\Object">
      <UniqueIdentifier>{a760ad1a-de4b-45cc-8294-7e94907203a3}</UniqueIdentifier>
    </Filter>
    <Filter Include="Game\Object\include">
      <UniqueIdentifier>{65bcbe61-10ff-4e8a-8303-4a15b4503ce0}</UniqueIdentifier>
    </Filter>
    <Filter Include="Game\Object\source">
      <UniqueIdentifier>{20e3ec2a-b05f-4666-864a-5f7e5e9d0b1f}</UniqueIdentifier>
    </Filter>
  </ItemGroup>
  <ItemGroup>
    <ClCompile Include="main.cpp" />
    <ClCompile Include="Engine\MyEngine.cpp">
      <Filter>Engine\source</Filter>
    </ClCompile>
    <ClCompile Include="Engine\DirectXCommon.cpp">
      <Filter>Engine\source</Filter>
    </ClCompile>
    <ClCompile Include="Engine\WinApp.cpp">
      <Filter>Engine\source</Filter>
    </ClCompile>
    <ClCompile Include="Engine\Logger.cpp">
      <Filter>Engine\source</Filter>
    </ClCompile>
    <ClCompile Include="Lib\Geometry\Vector2.cpp">
      <Filter>Lib\Geometry\source</Filter>
    </ClCompile>
    <ClCompile Include="Lib\Geometry\Vector3.cpp">
      <Filter>Lib\Geometry\source</Filter>
    </ClCompile>
    <ClCompile Include="Lib\Geometry\Vector4.cpp">
      <Filter>Lib\Geometry\source</Filter>
    </ClCompile>
    <ClCompile Include="Lib\Geometry\Matrix4x4.cpp">
      <Filter>Lib\Geometry\source</Filter>
    </ClCompile>
    <ClCompile Include="Lib\Adapter\Json\Json.cpp">
      <Filter>Lib\Adapter\Json</Filter>
    </ClCompile>
    <ClCompile Include="Engine\ImGuiManager.cpp">
      <Filter>Engine\source</Filter>
    </ClCompile>
    <ClCompile Include="externals\imgui\imgui.cpp">
      <Filter>externals\imgui</Filter>
    </ClCompile>
    <ClCompile Include="externals\imgui\imgui_demo.cpp">
      <Filter>externals\imgui</Filter>
    </ClCompile>
    <ClCompile Include="externals\imgui\imgui_draw.cpp">
      <Filter>externals\imgui</Filter>
    </ClCompile>
    <ClCompile Include="externals\imgui\imgui_impl_dx12.cpp">
      <Filter>externals\imgui</Filter>
    </ClCompile>
    <ClCompile Include="externals\imgui\imgui_impl_win32.cpp">
      <Filter>externals\imgui</Filter>
    </ClCompile>
    <ClCompile Include="externals\imgui\imgui_tables.cpp">
      <Filter>externals\imgui</Filter>
    </ClCompile>
    <ClCompile Include="externals\imgui\imgui_widgets.cpp">
      <Filter>externals\imgui</Filter>
    </ClCompile>
    <ClCompile Include="Engine\TextureManager.cpp">
      <Filter>Engine\source</Filter>
    </ClCompile>
    <ClCompile Include="Lib\Camera\Camera2D.cpp">
      <Filter>Lib\Camera\source</Filter>
    </ClCompile>
    <ClCompile Include="Lib\Camera\Camera3D.cpp">
      <Filter>Lib\Camera\source</Filter>
    </ClCompile>
    <ClCompile Include="Lib\DrawMethod.cpp">
      <Filter>Lib</Filter>
    </ClCompile>
    <ClCompile Include="Lib\Light\DirectionalLight.cpp">
      <Filter>Lib\Light\source</Filter>
    </ClCompile>
    <ClCompile Include="Engine\DxObject\DxBufferResource.cpp">
      <Filter>Engine\DxObject\source</Filter>
    </ClCompile>
    <ClCompile Include="Engine\DxObject\DxCommand.cpp">
      <Filter>Engine\DxObject\source</Filter>
    </ClCompile>
    <ClCompile Include="Engine\DxObject\DxDepthStencil.cpp">
      <Filter>Engine\DxObject\source</Filter>
    </ClCompile>
    <ClCompile Include="Engine\DxObject\DxDescriptorHeaps.cpp">
      <Filter>Engine\DxObject\source</Filter>
    </ClCompile>
    <ClCompile Include="Engine\DxObject\DxDevices.cpp">
      <Filter>Engine\DxObject\source</Filter>
    </ClCompile>
    <ClCompile Include="Engine\DxObject\DxFence.cpp">
      <Filter>Engine\DxObject\source</Filter>
    </ClCompile>
    <ClCompile Include="Engine\DxObject\DxObjectMethod.cpp">
      <Filter>Engine\DxObject\source</Filter>
    </ClCompile>
    <ClCompile Include="Engine\DxObject\DxPipelineState.cpp">
      <Filter>Engine\DxObject\source</Filter>
    </ClCompile>
    <ClCompile Include="Engine\DxObject\DxShaderBlob.cpp">
      <Filter>Engine\DxObject\source</Filter>
    </ClCompile>
    <ClCompile Include="Engine\DxObject\DxSwapChain.cpp">
      <Filter>Engine\DxObject\source</Filter>
    </ClCompile>
    <ClCompile Include="Lib\Geometry\Matrix3x3.cpp">
      <Filter>Lib\Geometry\source</Filter>
    </ClCompile>
    <ClCompile Include="Engine\Model.cpp">
      <Filter>Engine\source</Filter>
    </ClCompile>
    <ClCompile Include="Game\Object\Triangle.cpp">
      <Filter>Game\Object\source</Filter>
    </ClCompile>
    <ClCompile Include="Game\Object\Object.cpp">
      <Filter>Game\Object\source</Filter>
    </ClCompile>
    <ClCompile Include="Game\Object\Sphere.cpp">
      <Filter>Game\Object\source</Filter>
    </ClCompile>
    <ClCompile Include="Game\Object\Sprite.cpp">
      <Filter>Game\Object\source</Filter>
    </ClCompile>
    <ClCompile Include="Game\Object\Plane.cpp">
      <Filter>Game\Object\source</Filter>
    </ClCompile>
    <ClCompile Include="Game\Object\Bunny.cpp">
      <Filter>Game\Object\source</Filter>
    </ClCompile>
    <ClCompile Include="Game\Object\Teapot.cpp">
      <Filter>Game\Object\source</Filter>
    </ClCompile>
    <ClCompile Include="Game\Object\MultiMesh.cpp">
      <Filter>Game\Object\source</Filter>
    </ClCompile>
    <ClCompile Include="Game\Object\MultiMaterial.cpp">
      <Filter>Game\Object\source</Filter>
    </ClCompile>
    <ClCompile Include="Engine\DxObject\DxRootSignature.cpp">
      <Filter>Engine\DxObject\source</Filter>
    </ClCompile>
    <ClCompile Include="Game\Object\Suzanne.cpp">
      <Filter>Game\Object\source</Filter>
    </ClCompile>
  </ItemGroup>
  <ItemGroup>
    <ClInclude Include="Engine\MyEngine.h">
      <Filter>Engine\include</Filter>
    </ClInclude>
    <ClInclude Include="Engine\DirectXCommon.h">
      <Filter>Engine\include</Filter>
    </ClInclude>
    <ClInclude Include="Engine\WinApp.h">
      <Filter>Engine\include</Filter>
    </ClInclude>
    <ClInclude Include="Engine\Logger.h">
      <Filter>Engine\include</Filter>
    </ClInclude>
    <ClInclude Include="Engine\ObjectPtr.h">
      <Filter>Engine\include</Filter>
    </ClInclude>
    <ClInclude Include="Lib\Environment.h">
      <Filter>Lib</Filter>
    </ClInclude>
    <ClInclude Include="Lib\Geometry\Vector2.h">
      <Filter>Lib\Geometry\include</Filter>
    </ClInclude>
    <ClInclude Include="Lib\Geometry\Vector3.h">
      <Filter>Lib\Geometry\include</Filter>
    </ClInclude>
    <ClInclude Include="Lib\Geometry\Vector4.h">
      <Filter>Lib\Geometry\include</Filter>
    </ClInclude>
    <ClInclude Include="Lib\Geometry\Matrix4x4.h">
      <Filter>Lib\Geometry\include</Filter>
    </ClInclude>
    <ClInclude Include="Lib\Adapter\Json\Json.h">
      <Filter>Lib\Adapter\Json</Filter>
    </ClInclude>
    <ClInclude Include="Engine\ImGuiManager.h">
      <Filter>Engine\include</Filter>
    </ClInclude>
    <ClInclude Include="externals\imgui\imconfig.h">
      <Filter>externals\imgui</Filter>
    </ClInclude>
    <ClInclude Include="externals\imgui\imgui.h">
      <Filter>externals\imgui</Filter>
    </ClInclude>
    <ClInclude Include="externals\imgui\imgui_impl_dx12.h">
      <Filter>externals\imgui</Filter>
    </ClInclude>
    <ClInclude Include="externals\imgui\imgui_impl_win32.h">
      <Filter>externals\imgui</Filter>
    </ClInclude>
    <ClInclude Include="externals\imgui\imgui_internal.h">
      <Filter>externals\imgui</Filter>
    </ClInclude>
    <ClInclude Include="externals\imgui\imstb_rectpack.h">
      <Filter>externals\imgui</Filter>
    </ClInclude>
    <ClInclude Include="externals\imgui\imstb_textedit.h">
      <Filter>externals\imgui</Filter>
    </ClInclude>
    <ClInclude Include="externals\imgui\imstb_truetype.h">
      <Filter>externals\imgui</Filter>
    </ClInclude>
    <ClInclude Include="Engine\TextureManager.h">
      <Filter>Engine\include</Filter>
    </ClInclude>
    <ClInclude Include="Lib\Camera\Camera2D.h">
      <Filter>Lib\Camera\include</Filter>
    </ClInclude>
    <ClInclude Include="Lib\Camera\Camera3D.h">
      <Filter>Lib\Camera\include</Filter>
    </ClInclude>
    <ClInclude Include="Lib\DrawMethod.h">
      <Filter>Lib</Filter>
    </ClInclude>
    <ClInclude Include="Lib\Light\DirectionalLight.h">
      <Filter>Lib\Light\include</Filter>
    </ClInclude>
    <ClInclude Include="Engine\DxObject\DxBufferResource.h">
      <Filter>Engine\DxObject\include</Filter>
    </ClInclude>
    <ClInclude Include="Engine\DxObject\DxCommand.h">
      <Filter>Engine\DxObject\include</Filter>
    </ClInclude>
    <ClInclude Include="Engine\DxObject\DxDepthStencil.h">
      <Filter>Engine\DxObject\include</Filter>
    </ClInclude>
    <ClInclude Include="Engine\DxObject\DxDescriptorHeaps.h">
      <Filter>Engine\DxObject\include</Filter>
    </ClInclude>
    <ClInclude Include="Engine\DxObject\DxDevices.h">
      <Filter>Engine\DxObject\include</Filter>
    </ClInclude>
    <ClInclude Include="Engine\DxObject\DxFence.h">
      <Filter>Engine\DxObject\include</Filter>
    </ClInclude>
    <ClInclude Include="Engine\DxObject\DxObjectMethod.h">
      <Filter>Engine\DxObject\include</Filter>
    </ClInclude>
    <ClInclude Include="Engine\DxObject\DxPipelineState.h">
      <Filter>Engine\DxObject\include</Filter>
    </ClInclude>
    <ClInclude Include="Engine\DxObject\DxShaderBlob.h">
      <Filter>Engine\DxObject\include</Filter>
    </ClInclude>
    <ClInclude Include="Engine\DxObject\DxSwapChain.h">
      <Filter>Engine\DxObject\include</Filter>
    </ClInclude>
    <ClInclude Include="Lib\Geometry\Matrix3x3.h">
      <Filter>Lib\Geometry\include</Filter>
    </ClInclude>
    <ClInclude Include="Engine\Model.h">
      <Filter>Engine\include</Filter>
    </ClInclude>
    <ClInclude Include="Engine\ComPtr.h">
      <Filter>Engine\include</Filter>
    </ClInclude>
    <ClInclude Include="Game\Object\Triangle.h">
      <Filter>Game\Object\include</Filter>
    </ClInclude>
    <ClInclude Include="Game\Object\Object.h">
      <Filter>Game\Object\include</Filter>
    </ClInclude>
    <ClInclude Include="Game\Object\Sphere.h">
      <Filter>Game\Object\include</Filter>
    </ClInclude>
    <ClInclude Include="Game\Object\Sprite.h">
      <Filter>Game\Object\include</Filter>
    </ClInclude>
    <ClInclude Include="Game\Object\ObjectStructure.h">
      <Filter>Game\Object\include</Filter>
    </ClInclude>
    <ClInclude Include="Game\Object\Plane.h">
      <Filter>Game\Object\include</Filter>
    </ClInclude>
    <ClInclude Include="Game\Object\Bunny.h">
      <Filter>Game\Object\include</Filter>
    </ClInclude>
    <ClInclude Include="Game\Object\Teapot.h">
      <Filter>Game\Object\include</Filter>
    </ClInclude>
    <ClInclude Include="Game\Object\MultiMesh.h">
      <Filter>Game\Object\include</Filter>
    </ClInclude>
    <ClInclude Include="Game\Object\MultiMaterial.h">
      <Filter>Game\Object\include</Filter>
    </ClInclude>
    <ClInclude Include="Engine\DxObject\DxRootSignature.h">
      <Filter>Engine\DxObject\include</Filter>
    </ClInclude>
    <ClInclude Include="Game\Object\Suzanne.h">
      <Filter>Game\Object\include</Filter>
    </ClInclude>
  </ItemGroup>
  <ItemGroup>
    <None Include=".editorconfig" />
    <None Include="Engine\Object3d.hlsli">
      <Filter>Engine\resource</Filter>
    </None>
  </ItemGroup>
  <ItemGroup>
    <FxCompile Include="Engine\Object3d.VS.hlsl">
      <Filter>Engine\resource</Filter>
    </FxCompile>
    <FxCompile Include="Engine\Object3d.PS.hlsl">
      <Filter>Engine\resource</Filter>
    </FxCompile>
    <FxCompile Include="Engine\Polygon3d.PS.hlsl">
      <Filter>Engine\resource</Filter>
    </FxCompile>
    <FxCompile Include="Engine\Object3d.MS.hlsl">
      <Filter>Engine\resource</Filter>
    </FxCompile>
  </ItemGroup>
  <ItemGroup>
    <Text Include="externals\imgui\LICENSE.txt">
      <Filter>externals\imgui</Filter>
    </Text>
  </ItemGroup>
</Project>