<?xml version="1.0" encoding="utf-8"?>
<Project ToolsVersion="4.0" xmlns="http://schemas.microsoft.com/developer/msbuild/2003">
  <ItemGroup>
    <Filter Include="externals">
      <UniqueIdentifier>{43c05318-9472-48f0-850c-d2d184687826}</UniqueIdentifier>
    </Filter>
    <Filter Include="externals\imgui">
      <UniqueIdentifier>{7ed608b7-008b-4b29-af56-0edd4f20a9c3}</UniqueIdentifier>
    </Filter>
    <Filter Include="Engine">
      <UniqueIdentifier>{9cc9e171-589d-41a2-919b-4c9bde2bee0d}</UniqueIdentifier>
    </Filter>
    <Filter Include="Engine\System">
      <UniqueIdentifier>{a5c2b061-3a18-4144-963a-b1a9447eac22}</UniqueIdentifier>
    </Filter>
    <Filter Include="Engine\Game">
      <UniqueIdentifier>{d1aaf431-9749-495d-b351-7cb39b5c538a}</UniqueIdentifier>
    </Filter>
    <Filter Include="Engine\System\DxObject">
      <UniqueIdentifier>{d8674a6f-65a4-4bc9-8ce0-73ffde9afe64}</UniqueIdentifier>
    </Filter>
    <Filter Include="Engine\System\DxObject\include">
      <UniqueIdentifier>{152ba2f0-a972-497e-a9af-b3e31b412532}</UniqueIdentifier>
    </Filter>
    <Filter Include="Engine\System\DxObject\source">
      <UniqueIdentifier>{fee305d2-0f8f-4c91-8628-2a44606e2a3a}</UniqueIdentifier>
    </Filter>
    <Filter Include="Engine\System\include">
      <UniqueIdentifier>{5aa12ac1-abe7-48e0-840f-5861ec65ae8d}</UniqueIdentifier>
    </Filter>
    <Filter Include="Engine\System\source">
      <UniqueIdentifier>{e8b612c5-adcf-47ce-80ae-6e414da47020}</UniqueIdentifier>
    </Filter>
    <Filter Include="Lib">
      <UniqueIdentifier>{5a951fa8-58be-4906-a406-5a9b8f1722d8}</UniqueIdentifier>
    </Filter>
    <Filter Include="Lib\Geometry">
      <UniqueIdentifier>{b8c271fb-2df1-4c39-a5e9-a643c8df4b37}</UniqueIdentifier>
    </Filter>
    <Filter Include="Lib\Geometry\include">
      <UniqueIdentifier>{3c408c73-b20c-467e-b52c-69071f1dab50}</UniqueIdentifier>
    </Filter>
    <Filter Include="Lib\Geometry\source">
      <UniqueIdentifier>{da231635-7825-48e2-988a-72575f931b12}</UniqueIdentifier>
    </Filter>
    <Filter Include="Engine\Game\include">
      <UniqueIdentifier>{46990660-e04a-441b-a5d6-5fc68a488176}</UniqueIdentifier>
    </Filter>
    <Filter Include="Engine\Game\source">
      <UniqueIdentifier>{626aeeef-27f6-4e96-b381-43308de5c54f}</UniqueIdentifier>
    </Filter>
    <Filter Include="Engine\Beta">
      <UniqueIdentifier>{5040f4fa-0be7-4ccb-89f0-bfca9d3e7da5}</UniqueIdentifier>
    </Filter>
    <Filter Include="Resources">
      <UniqueIdentifier>{5946d453-0807-4b01-ae7b-2eb74d590ea7}</UniqueIdentifier>
    </Filter>
    <Filter Include="Resources\hlsl">
      <UniqueIdentifier>{952261b5-97ea-4f49-92d7-29356a245389}</UniqueIdentifier>
    </Filter>
    <Filter Include="Resources\hlsl\MonoBehavior">
      <UniqueIdentifier>{1a1a580d-d022-4df3-9593-4c741fc4e0ba}</UniqueIdentifier>
    </Filter>
    <Filter Include="Game">
      <UniqueIdentifier>{c17d010e-3917-4a11-8473-75506cfbee82}</UniqueIdentifier>
    </Filter>
    <Filter Include="externals\meshoptimizer">
      <UniqueIdentifier>{ae980c19-97cc-4f02-bdd8-c40295778d34}</UniqueIdentifier>
    </Filter>
    <Filter Include="Lib\Adapter">
      <UniqueIdentifier>{8f18edf0-c06d-4409-811f-6f8cdf511960}</UniqueIdentifier>
    </Filter>
    <Filter Include="Lib\Adapter\Json">
      <UniqueIdentifier>{0c75171d-9c6c-49df-a588-d682a79e472b}</UniqueIdentifier>
    </Filter>
    <Filter Include="Lib\Adapter\Random">
      <UniqueIdentifier>{ed65917c-b5b7-4ffb-a532-e56ca2e5c423}</UniqueIdentifier>
    </Filter>
    <Filter Include="Resources\hlsl\Primitive">
      <UniqueIdentifier>{6bbb4878-a0f1-4de5-9c0b-40d04e9f197c}</UniqueIdentifier>
    </Filter>
  </ItemGroup>
  <ItemGroup>
    <ClCompile Include="externals\imgui\imgui.cpp">
      <Filter>externals\imgui</Filter>
    </ClCompile>
    <ClCompile Include="externals\imgui\imgui_demo.cpp">
      <Filter>externals\imgui</Filter>
    </ClCompile>
    <ClCompile Include="externals\imgui\imgui_draw.cpp">
      <Filter>externals\imgui</Filter>
    </ClCompile>
    <ClCompile Include="externals\imgui\imgui_impl_dx12.cpp">
      <Filter>externals\imgui</Filter>
    </ClCompile>
    <ClCompile Include="externals\imgui\imgui_impl_win32.cpp">
      <Filter>externals\imgui</Filter>
    </ClCompile>
    <ClCompile Include="externals\imgui\imgui_tables.cpp">
      <Filter>externals\imgui</Filter>
    </ClCompile>
    <ClCompile Include="externals\imgui\imgui_widgets.cpp">
      <Filter>externals\imgui</Filter>
    </ClCompile>
    <ClCompile Include="main.cpp" />
    <ClCompile Include="Engine\System\DxObject\DxDevices.cpp">
      <Filter>Engine\System\DxObject\source</Filter>
    </ClCompile>
    <ClCompile Include="Engine\System\DxObject\DxObjectCommon.cpp">
      <Filter>Engine\System\DxObject\source</Filter>
    </ClCompile>
    <ClCompile Include="Engine\System\Logger.cpp">
      <Filter>Engine\System\source</Filter>
    </ClCompile>
    <ClCompile Include="Engine\System\DxObject\DxDescriptorHeaps.cpp">
      <Filter>Engine\System\DxObject\source</Filter>
    </ClCompile>
    <ClCompile Include="Engine\System\DxObject\DxFence.cpp">
      <Filter>Engine\System\DxObject\source</Filter>
    </ClCompile>
    <ClCompile Include="Engine\System\DxObject\DxCommand.cpp">
      <Filter>Engine\System\DxObject\source</Filter>
    </ClCompile>
    <ClCompile Include="Engine\System\DxObject\DxDepthStencil.cpp">
      <Filter>Engine\System\DxObject\source</Filter>
    </ClCompile>
    <ClCompile Include="Engine\System\DxObject\DxBlendState.cpp">
      <Filter>Engine\System\DxObject\source</Filter>
    </ClCompile>
    <ClCompile Include="Engine\System\DxObject\DxShaderBlobManager.cpp">
      <Filter>Engine\System\DxObject\source</Filter>
    </ClCompile>
    <ClCompile Include="Engine\System\DxObject\DxShaderBlob.cpp">
      <Filter>Engine\System\DxObject\source</Filter>
    </ClCompile>
    <ClCompile Include="Engine\System\DxObject\DxShaderReflection.cpp">
      <Filter>Engine\System\DxObject\source</Filter>
    </ClCompile>
    <ClCompile Include="Engine\System\DxObject\DxRootSignatureDesc.cpp">
      <Filter>Engine\System\DxObject\source</Filter>
    </ClCompile>
    <ClCompile Include="Engine\System\DxObject\DxCSPipeline.cpp">
      <Filter>Engine\System\DxObject\source</Filter>
    </ClCompile>
    <ClCompile Include="Engine\System\DxObject\DxGraphicsPipeline.cpp">
      <Filter>Engine\System\DxObject\source</Filter>
    </ClCompile>
    <ClCompile Include="Engine\System\DxObject\DxSwapChain.cpp">
      <Filter>Engine\System\DxObject\source</Filter>
    </ClCompile>
    <ClCompile Include="Engine\System\DxObject\DxBufferResource.cpp">
      <Filter>Engine\System\DxObject\source</Filter>
    </ClCompile>
    <ClCompile Include="Engine\System\DxObject\DxUnorderedBufferResource.cpp">
      <Filter>Engine\System\DxObject\source</Filter>
    </ClCompile>
    <ClCompile Include="Engine\System\WinApp.cpp">
      <Filter>Engine\System\source</Filter>
    </ClCompile>
    <ClCompile Include="Lib\Geometry\Vector2.cpp">
      <Filter>Lib\Geometry\source</Filter>
    </ClCompile>
    <ClCompile Include="Lib\Geometry\Vector3.cpp">
      <Filter>Lib\Geometry\source</Filter>
    </ClCompile>
    <ClCompile Include="Lib\Geometry\Vector4.cpp">
      <Filter>Lib\Geometry\source</Filter>
    </ClCompile>
    <ClCompile Include="Lib\Geometry\Quaternion.cpp">
      <Filter>Lib\Geometry\source</Filter>
    </ClCompile>
    <ClCompile Include="Lib\Geometry\Matrix4x4.cpp">
      <Filter>Lib\Geometry\source</Filter>
    </ClCompile>
    <ClCompile Include="Engine\System\Sxavenger.cpp">
      <Filter>Engine\System\source</Filter>
    </ClCompile>
    <ClCompile Include="Engine\System\DirectXCommon.cpp">
      <Filter>Engine\System\source</Filter>
    </ClCompile>
    <ClCompile Include="Engine\System\ImGuiManager.cpp">
      <Filter>Engine\System\source</Filter>
    </ClCompile>
    <ClCompile Include="Engine\System\Texture.cpp">
      <Filter>Engine\System\source</Filter>
    </ClCompile>
    <ClCompile Include="Engine\System\Input.cpp">
      <Filter>Engine\System\source</Filter>
    </ClCompile>
    <ClCompile Include="Engine\System\Audio.cpp">
      <Filter>Engine\System\source</Filter>
    </ClCompile>
    <ClCompile Include="Engine\System\Performance.cpp">
      <Filter>Engine\System\source</Filter>
    </ClCompile>
    <ClCompile Include="Engine\System\Console.cpp">
      <Filter>Engine\System\source</Filter>
    </ClCompile>
    <ClCompile Include="Engine\Game\GameScene.cpp">
      <Filter>Engine\Game\source</Filter>
    </ClCompile>
    <ClCompile Include="Engine\Game\Camera3D.cpp">
      <Filter>Engine\Game\source</Filter>
    </ClCompile>
    <ClCompile Include="Engine\Game\DebugCamera3D.cpp">
      <Filter>Engine\Game\source</Filter>
    </ClCompile>
    <ClCompile Include="Engine\System\Attribute.cpp">
      <Filter>Engine\System\source</Filter>
    </ClCompile>
    <ClCompile Include="Engine\Game\Transform.cpp">
      <Filter>Engine\Game\source</Filter>
    </ClCompile>
    <ClCompile Include="Lib\Geometry\MathLib.cpp">
      <Filter>Lib\Geometry\source</Filter>
    </ClCompile>
    <ClCompile Include="Engine\Game\Model.cpp">
      <Filter>Engine\Game\source</Filter>
    </ClCompile>
    <ClCompile Include="Engine\Game\Animation.cpp">
      <Filter>Engine\Game\source</Filter>
    </ClCompile>
    <ClCompile Include="Engine\Game\InputAssembler.cpp">
      <Filter>Engine\Game\source</Filter>
    </ClCompile>
    <ClCompile Include="Engine\Beta\BetaConsole.cpp">
      <Filter>Engine\Beta</Filter>
    </ClCompile>
    <ClCompile Include="Game\Teapot.cpp">
      <Filter>Game</Filter>
    </ClCompile>
    <ClCompile Include="Engine\Beta\DepthRenderTarget.cpp">
      <Filter>Engine\Beta</Filter>
    </ClCompile>
    <ClCompile Include="Engine\Beta\CineCamera.cpp">
      <Filter>Engine\Beta</Filter>
    </ClCompile>
    <ClCompile Include="Engine\Beta\BaseBehavior.cpp">
      <Filter>Engine\Beta</Filter>
    </ClCompile>
    <ClCompile Include="Engine\Beta\ModelBehavior.cpp">
      <Filter>Engine\Beta</Filter>
    </ClCompile>
    <ClCompile Include="Engine\Beta\GraphicsEditor.cpp">
      <Filter>Engine\Beta</Filter>
    </ClCompile>
    <ClCompile Include="Game\Kipfel.cpp">
      <Filter>Game</Filter>
    </ClCompile>
    <ClCompile Include="Engine\Game\InputMesh.cpp">
      <Filter>Engine\Game\source</Filter>
    </ClCompile>
    <ClCompile Include="externals\meshoptimizer\vfetchanalyzer.cpp">
      <Filter>externals\meshoptimizer</Filter>
    </ClCompile>
    <ClCompile Include="externals\meshoptimizer\vfetchoptimizer.cpp">
      <Filter>externals\meshoptimizer</Filter>
    </ClCompile>
    <ClCompile Include="externals\meshoptimizer\allocator.cpp">
      <Filter>externals\meshoptimizer</Filter>
    </ClCompile>
    <ClCompile Include="externals\meshoptimizer\clusterizer.cpp">
      <Filter>externals\meshoptimizer</Filter>
    </ClCompile>
    <ClCompile Include="externals\meshoptimizer\indexcodec.cpp">
      <Filter>externals\meshoptimizer</Filter>
    </ClCompile>
    <ClCompile Include="externals\meshoptimizer\indexgenerator.cpp">
      <Filter>externals\meshoptimizer</Filter>
    </ClCompile>
    <ClCompile Include="externals\meshoptimizer\overdrawanalyzer.cpp">
      <Filter>externals\meshoptimizer</Filter>
    </ClCompile>
    <ClCompile Include="externals\meshoptimizer\overdrawoptimizer.cpp">
      <Filter>externals\meshoptimizer</Filter>
    </ClCompile>
    <ClCompile Include="externals\meshoptimizer\simplifier.cpp">
      <Filter>externals\meshoptimizer</Filter>
    </ClCompile>
    <ClCompile Include="externals\meshoptimizer\spatialorder.cpp">
      <Filter>externals\meshoptimizer</Filter>
    </ClCompile>
    <ClCompile Include="externals\meshoptimizer\stripifier.cpp">
      <Filter>externals\meshoptimizer</Filter>
    </ClCompile>
    <ClCompile Include="externals\meshoptimizer\vcacheanalyzer.cpp">
      <Filter>externals\meshoptimizer</Filter>
    </ClCompile>
    <ClCompile Include="externals\meshoptimizer\vcacheoptimizer.cpp">
      <Filter>externals\meshoptimizer</Filter>
    </ClCompile>
    <ClCompile Include="externals\meshoptimizer\vertexcodec.cpp">
      <Filter>externals\meshoptimizer</Filter>
    </ClCompile>
    <ClCompile Include="externals\meshoptimizer\vertexfilter.cpp">
      <Filter>externals\meshoptimizer</Filter>
    </ClCompile>
    <ClCompile Include="Lib\Adapter\Json\Json.cpp">
      <Filter>Lib\Adapter\Json</Filter>
    </ClCompile>
    <ClCompile Include="Lib\Adapter\Random\Random.cpp">
      <Filter>Lib\Adapter\Random</Filter>
    </ClCompile>
    <ClCompile Include="Engine\Game\SxavengerGame.cpp">
      <Filter>Engine\Game\source</Filter>
    </ClCompile>
    <ClCompile Include="Engine\Game\DebugPrimitive.cpp">
      <Filter>Engine\Game\source</Filter>
    </ClCompile>
  </ItemGroup>
  <ItemGroup>
    <ClInclude Include="externals\imgui\imconfig.h">
      <Filter>externals\imgui</Filter>
    </ClInclude>
    <ClInclude Include="externals\imgui\imgui.h">
      <Filter>externals\imgui</Filter>
    </ClInclude>
    <ClInclude Include="externals\imgui\imgui_impl_dx12.h">
      <Filter>externals\imgui</Filter>
    </ClInclude>
    <ClInclude Include="externals\imgui\imgui_impl_win32.h">
      <Filter>externals\imgui</Filter>
    </ClInclude>
    <ClInclude Include="externals\imgui\imgui_internal.h">
      <Filter>externals\imgui</Filter>
    </ClInclude>
    <ClInclude Include="externals\imgui\imstb_rectpack.h">
      <Filter>externals\imgui</Filter>
    </ClInclude>
    <ClInclude Include="externals\imgui\imstb_textedit.h">
      <Filter>externals\imgui</Filter>
    </ClInclude>
    <ClInclude Include="externals\imgui\imstb_truetype.h">
      <Filter>externals\imgui</Filter>
    </ClInclude>
    <ClInclude Include="Engine\System\DxObject\DxDevices.h">
      <Filter>Engine\System\DxObject\include</Filter>
    </ClInclude>
    <ClInclude Include="Engine\System\DxObject\DxObjectCommon.h">
      <Filter>Engine\System\DxObject\include</Filter>
    </ClInclude>
    <ClInclude Include="Engine\System\Logger.h">
      <Filter>Engine\System\include</Filter>
    </ClInclude>
    <ClInclude Include="Engine\System\ComPtr.h">
      <Filter>Engine\System\include</Filter>
    </ClInclude>
    <ClInclude Include="Engine\System\DxObject\DxDescriptorHeaps.h">
      <Filter>Engine\System\DxObject\include</Filter>
    </ClInclude>
    <ClInclude Include="Engine\System\DxObject\DxFence.h">
      <Filter>Engine\System\DxObject\include</Filter>
    </ClInclude>
    <ClInclude Include="Engine\System\DxObject\DxCommand.h">
      <Filter>Engine\System\DxObject\include</Filter>
    </ClInclude>
    <ClInclude Include="Engine\System\DxObject\DxDepthStencil.h">
      <Filter>Engine\System\DxObject\include</Filter>
    </ClInclude>
    <ClInclude Include="Engine\System\DxObject\DxBlendState.h">
      <Filter>Engine\System\DxObject\include</Filter>
    </ClInclude>
    <ClInclude Include="Engine\System\DxObject\DxShaderBlobManager.h">
      <Filter>Engine\System\DxObject\include</Filter>
    </ClInclude>
    <ClInclude Include="Engine\System\DxObject\DxShaderBlob.h">
      <Filter>Engine\System\DxObject\include</Filter>
    </ClInclude>
    <ClInclude Include="Engine\System\DxObject\DxShaderReflection.h">
      <Filter>Engine\System\DxObject\include</Filter>
    </ClInclude>
    <ClInclude Include="Engine\System\DxObject\DxRootSignatureDesc.h">
      <Filter>Engine\System\DxObject\include</Filter>
    </ClInclude>
    <ClInclude Include="Engine\System\DxObject\DxCSPipeline.h">
      <Filter>Engine\System\DxObject\include</Filter>
    </ClInclude>
    <ClInclude Include="Engine\System\DxObject\DxGraphicsPipeline.h">
      <Filter>Engine\System\DxObject\include</Filter>
    </ClInclude>
    <ClInclude Include="Engine\System\DxObject\DxSwapChain.h">
      <Filter>Engine\System\DxObject\include</Filter>
    </ClInclude>
    <ClInclude Include="Engine\System\DxObject\DxBufferResource.h">
      <Filter>Engine\System\DxObject\include</Filter>
    </ClInclude>
    <ClInclude Include="Engine\System\DxObject\DxUnorderedBufferResource.h">
      <Filter>Engine\System\DxObject\include</Filter>
    </ClInclude>
    <ClInclude Include="Engine\System\WinApp.h">
      <Filter>Engine\System\include</Filter>
    </ClInclude>
    <ClInclude Include="Lib\Geometry\Vector2.h">
      <Filter>Lib\Geometry\include</Filter>
    </ClInclude>
    <ClInclude Include="Lib\Geometry\Vector3.h">
      <Filter>Lib\Geometry\include</Filter>
    </ClInclude>
    <ClInclude Include="Lib\Geometry\Vector4.h">
      <Filter>Lib\Geometry\include</Filter>
    </ClInclude>
    <ClInclude Include="Lib\Geometry\VectorComparison.h">
      <Filter>Lib\Geometry\include</Filter>
    </ClInclude>
    <ClInclude Include="Lib\Geometry\Quaternion.h">
      <Filter>Lib\Geometry\include</Filter>
    </ClInclude>
    <ClInclude Include="Lib\Geometry\Matrix4x4.h">
      <Filter>Lib\Geometry\include</Filter>
    </ClInclude>
    <ClInclude Include="Lib\CXXAttributeConfig.h">
      <Filter>Lib</Filter>
    </ClInclude>
    <ClInclude Include="Lib\Environment.h">
      <Filter>Lib</Filter>
    </ClInclude>
    <ClInclude Include="Engine\System\Sxavenger.h">
      <Filter>Engine\System\include</Filter>
    </ClInclude>
    <ClInclude Include="Engine\System\DirectXCommon.h">
      <Filter>Engine\System\include</Filter>
    </ClInclude>
    <ClInclude Include="Engine\System\ImGuiManager.h">
      <Filter>Engine\System\include</Filter>
    </ClInclude>
    <ClInclude Include="Engine\System\Texture.h">
      <Filter>Engine\System\include</Filter>
    </ClInclude>
    <ClInclude Include="Engine\System\Input.h">
      <Filter>Engine\System\include</Filter>
    </ClInclude>
    <ClInclude Include="Engine\System\Audio.h">
      <Filter>Engine\System\include</Filter>
    </ClInclude>
    <ClInclude Include="Engine\System\Performance.h">
      <Filter>Engine\System\include</Filter>
    </ClInclude>
    <ClInclude Include="Engine\System\Console.h">
      <Filter>Engine\System\include</Filter>
    </ClInclude>
    <ClInclude Include="Engine\Game\GameScene.h">
      <Filter>Engine\Game\include</Filter>
    </ClInclude>
    <ClInclude Include="Engine\Game\DebugCamera3D.h">
      <Filter>Engine\Game\include</Filter>
    </ClInclude>
    <ClInclude Include="Engine\Game\Camera3D.h">
      <Filter>Engine\Game\include</Filter>
    </ClInclude>
    <ClInclude Include="Engine\System\Attribute.h">
      <Filter>Engine\System\include</Filter>
    </ClInclude>
    <ClInclude Include="Engine\Game\Transform.h">
      <Filter>Engine\Game\include</Filter>
    </ClInclude>
    <ClInclude Include="Lib\Geometry\MathLib.h">
      <Filter>Lib\Geometry\include</Filter>
    </ClInclude>
    <ClInclude Include="Lib\ObjectStructure.h">
      <Filter>Lib</Filter>
    </ClInclude>
    <ClInclude Include="Engine\Game\Model.h">
      <Filter>Engine\Game\include</Filter>
    </ClInclude>
    <ClInclude Include="Engine\Game\Animation.h">
      <Filter>Engine\Game\include</Filter>
    </ClInclude>
    <ClInclude Include="Engine\Game\InputAssembler.h">
      <Filter>Engine\Game\include</Filter>
    </ClInclude>
    <ClInclude Include="Engine\Beta\BetaConsole.h">
      <Filter>Engine\Beta</Filter>
    </ClInclude>
    <ClInclude Include="Game\Teapot.h">
      <Filter>Game</Filter>
    </ClInclude>
    <ClInclude Include="Engine\Beta\DepthRenderTarget.h">
      <Filter>Engine\Beta</Filter>
    </ClInclude>
    <ClInclude Include="Engine\Beta\CineCamera.h">
      <Filter>Engine\Beta</Filter>
    </ClInclude>
    <ClInclude Include="Engine\Beta\BaseBehavior.h">
      <Filter>Engine\Beta</Filter>
    </ClInclude>
    <ClInclude Include="Engine\Beta\ModelBehavior.h">
      <Filter>Engine\Beta</Filter>
    </ClInclude>
    <ClInclude Include="Engine\Beta\GraphicsEditor.h">
      <Filter>Engine\Beta</Filter>
    </ClInclude>
    <ClInclude Include="Game\Kipfel.h">
      <Filter>Game</Filter>
    </ClInclude>
    <ClInclude Include="Engine\Game\InputMesh.h">
      <Filter>Engine\Game\include</Filter>
    </ClInclude>
    <ClInclude Include="externals\meshoptimizer\meshoptimizer.h">
      <Filter>externals\meshoptimizer</Filter>
    </ClInclude>
    <ClInclude Include="Lib\Adapter\Json\Json.h">
      <Filter>Lib\Adapter\Json</Filter>
    </ClInclude>
    <ClInclude Include="Lib\Adapter\Random\Random.h">
      <Filter>Lib\Adapter\Random</Filter>
    </ClInclude>
    <ClInclude Include="Engine\Game\SxavengerGame.h">
      <Filter>Engine\Game\include</Filter>
    </ClInclude>
    <ClInclude Include="Engine\Game\DebugPrimitive.h">
      <Filter>Engine\Game\include</Filter>
    </ClInclude>
  </ItemGroup>
  <ItemGroup>
    <None Include=".editorconfig" />
    <None Include="Resources\hlsl\MonoBehavior\MonoBehavior.hlsli">
      <Filter>Resources\hlsl\MonoBehavior</Filter>
    </None>
    <None Include="Resources\hlsl\Transform.hlsli">
      <Filter>Resources\hlsl</Filter>
    </None>
    <None Include="Resources\hlsl\Camera.hlsli">
      <Filter>Resources\hlsl</Filter>
    </None>
    <None Include="Resources\hlsl\Matrix.hlsli">
      <Filter>Resources\hlsl</Filter>
    </None>
    <None Include="Resources\hlsl\MeshCommon.hlsli">
      <Filter>Resources\hlsl</Filter>
    </None>
    <None Include="Resources\hlsl\MonoBehavior\DefaultMesh.hlsli">
      <Filter>Resources\hlsl\MonoBehavior</Filter>
    </None>
    <None Include="Resources\hlsl\Primitive\DebugPrimitive.hlsli">
      <Filter>Resources\hlsl\Primitive</Filter>
    </None>
  </ItemGroup>
  <ItemGroup>
    <Text Include="externals\imgui\LICENSE.txt">
      <Filter>externals\imgui</Filter>
    </Text>
  </ItemGroup>
  <ItemGroup>
    <FxCompile Include="Resources\hlsl\MonoBehavior\Default.VS.hlsl">
      <Filter>Resources\hlsl\MonoBehavior</Filter>
    </FxCompile>
    <FxCompile Include="Resources\hlsl\MonoBehavior\ConsoleLocal.PS.hlsl">
      <Filter>Resources\hlsl\MonoBehavior</Filter>
    </FxCompile>
    <FxCompile Include="Resources\hlsl\MonoBehavior\Diffuse.PS.hlsl">
      <Filter>Resources\hlsl\MonoBehavior</Filter>
    </FxCompile>
    <FxCompile Include="Resources\hlsl\MonoBehavior\ConsoleLocal.VS.hlsl">
      <Filter>Resources\hlsl\MonoBehavior</Filter>
    </FxCompile>
    <FxCompile Include="Resources\hlsl\MonoBehavior\Default.AS.hlsl">
      <Filter>Resources\hlsl\MonoBehavior</Filter>
    </FxCompile>
    <FxCompile Include="Resources\hlsl\MonoBehavior\Default.MS.hlsl">
      <Filter>Resources\hlsl\MonoBehavior</Filter>
    </FxCompile>
    <FxCompile Include="Resources\hlsl\Primitive\DebugPrimitive.VS.hlsl">
      <Filter>Resources\hlsl\Primitive</Filter>
    </FxCompile>
    <FxCompile Include="Resources\hlsl\Primitive\DebugPrimitive.PS.hlsl">
      <Filter>Resources\hlsl\Primitive</Filter>
    </FxCompile>
  </ItemGroup>
</Project>