<?xml version="1.0" encoding="utf-8"?>
<Project ToolsVersion="4.0" xmlns="http://schemas.microsoft.com/developer/msbuild/2003">
  <ItemGroup>
    <Filter Include="include">
      <UniqueIdentifier>{52eb0438-e8ed-4eb6-9073-c02047f4a55d}</UniqueIdentifier>
    </Filter>
    <Filter Include="source">
      <UniqueIdentifier>{6038f228-33a8-4898-b004-9db41c2313d6}</UniqueIdentifier>
    </Filter>
  </ItemGroup>
  <ItemGroup>
    <ClCompile Include="main.cpp" />
    <ClCompile Include="Engine\System\Window\Window.cpp" />
    <ClCompile Include="Lib\Adapter\Random\Random.cpp" />
    <ClCompile Include="Engine\System\Window\GameWindow.cpp" />
    <ClCompile Include="Engine\System\DirectX\DxObject\DxObjectCommon.cpp" />
    <ClCompile Include="Engine\System\Utility\Logger.cpp" />
    <ClCompile Include="Engine\System\DirectX\DxObject\DxDevice.cpp" />
    <ClCompile Include="Engine\System\DirectX\DxObject\DxDescriptor.cpp" />
    <ClCompile Include="Engine\System\DirectX\DxObject\DxDescriptorHeaps.cpp" />
    <ClCompile Include="Engine\System\DirectX\DirectXCommon.cpp" />
    <ClCompile Include="Engine\System\SxavengerSystem.cpp" />
    <ClCompile Include="Engine\System\DirectX\DxObject\DxShaderCompiler.cpp" />
    <ClCompile Include="Engine\System\DirectX\DxObject\DxSwapChain.cpp" />
    <ClCompile Include="Engine\System\DirectX\DxObject\DxCommandContext.cpp" />
    <ClCompile Include="Engine\System\DirectX\DxObject\DxDepthStencil.cpp" />
    <ClCompile Include="Lib\Geometry\MathLib.cpp" />
    <ClCompile Include="Lib\Geometry\Matrix4x4.cpp" />
    <ClCompile Include="Lib\Geometry\Quaternion.cpp" />
    <ClCompile Include="Lib\Geometry\Vector2.cpp" />
    <ClCompile Include="Lib\Geometry\Vector3.cpp" />
    <ClCompile Include="Lib\Geometry\Vector4.cpp" />
    <ClCompile Include="Engine\System\Window\GameWindowCollection.cpp" />
    <ClCompile Include="Engine\System\DirectX\DirectXContext.cpp" />
    <ClCompile Include="Engine\System\WinApp\WinApp.cpp" />
    <ClCompile Include="Engine\System\Runtime\Input\Input.cpp" />
    <ClCompile Include="Engine\System\DirectX\DxObject\DxDimensionBuffer.cpp" />
    <ClCompile Include="Engine\System\DirectX\DxObject\DxRootSignatureDesc.cpp" />
    <ClCompile Include="Engine\Content\InputAssembler\InputAssembler.cpp" />
    <ClCompile Include="Engine\System\DirectX\DxObject\DxBlendState.cpp" />
    <ClCompile Include="Engine\System\UI\ImGuiController.cpp" />
    <ClCompile Include="Lib\Adapter\Json\JsonAdapter.cpp" />
    <ClCompile Include="Engine\System\DirectX\DxObject\DxBindBuffer.cpp" />
    <ClCompile Include="Engine\Module\Behavior\BaseBehavior.cpp" />
    <ClCompile Include="Lib\Adapter\Json\IJsonSerializer.cpp" />
    <ClCompile Include="Engine\Console\SystemConsole\SystemConsole.cpp" />
    <ClCompile Include="Engine\Console\Console.cpp" />
    <ClCompile Include="Engine\Content\InputAssembler\InputMesh.cpp" />
    <ClCompile Include="Engine\Module\Camera\Camera3d.cpp" />
    <ClCompile Include="Lib\Sxl\OptimizedMap.cpp" />
    <ClCompile Include="Lib\Sxl\LowerPathMap.cpp" />
    <ClCompile Include="Lib\Sxl\LowerUnorderedMap.cpp" />
    <ClCompile Include="Engine\Module\SxavengerGraphics\SystematicRenderFrame.cpp" />
    <ClCompile Include="Engine\Module\Camera\DebugCamera3d.cpp" />
    <ClCompile Include="Engine\Console\RenderConsole\RenderConsole.cpp" />
    <ClCompile Include="Engine\Console\RenderConsole\RenderBehavior.cpp" />
    <ClCompile Include="Engine\Module\SxavengerGraphics\XclipseProcessFrame.cpp" />
    <ClCompile Include="Engine\Module\SxavengerGraphics\AdaptiveRenderFrame.cpp" />
    <ClCompile Include="Engine\Module\SxavengerGraphics\VisualProcessFrame.cpp" />
    <ClCompile Include="Engine\Module\SxavengerGraphics\SxavGraphicsFrame.cpp" />
    <ClCompile Include="Engine\Module\SxavengerGraphics\DepthBufferController.cpp" />
    <ClCompile Include="Engine\Module\Pipeline\RenderPipelineCollection.cpp" />
    <ClCompile Include="Engine\Module\Behavior\ModelBehavior.cpp" />
    <ClCompile Include="Engine\Module\Pipeline\ComputePipelineCollection.cpp" />
    <ClCompile Include="Lib\Sxl\OptimizedSet.cpp" />
    <ClCompile Include="Engine\Module\SxavengerGraphics\ScreenPresenter.cpp" />
    <ClCompile Include="Engine\Module\VisualLayer\VisualLayer.cpp" />
    <ClCompile Include="Engine\Module\VisualLayer\VisualDoF.cpp" />
    <ClCompile Include="Engine\Console\AssetConsole\AssetConsole.cpp" />
    <ClCompile Include="Lib\MyMath.cpp" />
    <ClCompile Include="Engine\Module\Behavior\TransformBehavior.cpp" />
    <ClCompile Include="Engine\Module\Primitive\DebugPrimitive.cpp" />
    <ClCompile Include="Engine\Module\SxavengerModule.cpp" />
    <ClCompile Include="Engine\Module\Behavior\InstanceBehavior.cpp" />
    <ClCompile Include="Engine\Module\Material\MaterialComponent.cpp" />
    <ClCompile Include="Engine\Module\Skeleton\Skeleton.cpp" />
    <ClCompile Include="Engine\Content\Animation\Animation.cpp" />
    <ClCompile Include="Engine\Module\Skeleton\SkinCluster.cpp" />
    <ClCompile Include="Engine\System\DirectX\DxObject\DxUnorderedDimensionBuffer.cpp" />
    <ClCompile Include="Engine\Module\Behavior\AnimationBehavior.cpp" />
    <ClCompile Include="Engine\Module\Skeleton\SkinningPipeline.cpp" />
    <ClCompile Include="Engine\Module\Collider\Collider.cpp" />
    <ClCompile Include="Engine\Module\Collider\CollisionDetection.cpp" />
    <ClCompile Include="Engine\Module\Collider\ColliderCollection.cpp" />
    <ClCompile Include="Lib\Sxl\Formatter.cpp" />
    <ClCompile Include="Engine\Console\RenderConsole\Outliner.cpp" />
    <ClCompile Include="Engine\Adapter\Particle\BaseParticle.cpp" />
    <ClCompile Include="Lib\Adapter\Curve\Curve.cpp" />
    <ClCompile Include="Engine\System\DirectX\DxObject\DxShaderBlob.cpp" />
    <ClCompile Include="Engine\System\DirectX\DxObject\DxGraphicsPipelineState.cpp" />
    <ClCompile Include="Engine\System\DirectX\DxObject\DxComputePipelineState.cpp" />
    <ClCompile Include="Engine\System\Runtime\Scene\BaseScene.cpp" />
    <ClCompile Include="Engine\System\Runtime\Scene\BaseSceneFactory.cpp" />
    <ClCompile Include="Engine\System\Runtime\Scene\SceneController.cpp" />
    <ClCompile Include="Engine\System\Runtime\GameLoop\GameLoop.cpp" />
    <ClCompile Include="Engine\System\Runtime\Framework\IFramework.cpp" />
    <ClCompile Include="Engine\GameLoop\ConsoleGameLoop.cpp" />
    <ClCompile Include="Engine\GameLoop\EngineGameLoop.cpp" />
    <ClCompile Include="Engine\Asset\Texture\Texture.cpp" />
    <ClCompile Include="Engine\Asset\BaseAsset.cpp" />
    <ClCompile Include="Engine\Asset\Unknown\AssetUnknown.cpp" />
    <ClCompile Include="Engine\Asset\Thread\AsyncAssetThread.cpp" />
    <ClCompile Include="Engine\Asset\Thread\AsyncAssetThreadCollection.cpp" />
    <ClCompile Include="Engine\Asset\SxavengerAsset.cpp" />
    <ClCompile Include="Demo\GameLoop\DemoGameLoop.cpp" />
    <ClCompile Include="Engine\Module\TransformComponent\TransformComponent.cpp" />
    <ClCompile Include="Lib\Transform\Transform.cpp" />
    <ClCompile Include="Engine\Content\TextureBuffer\BaseOffscreenTexture.cpp" />
    <ClCompile Include="Engine\Content\TextureBuffer\MultiViewTextureBuffer.cpp" />
    <ClCompile Include="Engine\Content\TextureBuffer\OffscreenTextureCollection.cpp" />
    <ClCompile Include="Engine\Content\TextureBuffer\RenderTexture.cpp" />
    <ClCompile Include="Engine\Content\TextureBuffer\UnorderedTexture.cpp" />
    <ClCompile Include="Engine\Content\TextureBuffer\DepthTexture.cpp" />
    <ClCompile Include="Engine\Asset\AssetObserver.cpp" />
    <ClCompile Include="Engine\Module\Pipeline\CustomComputePipeline.cpp" />
    <ClCompile Include="Engine\Module\Pipeline\CustomGraphicsPipeline.cpp" />
    <ClCompile Include="Engine\Asset\Blob\AssetBlob.cpp" />
    <ClCompile Include="Lib\Sxl\OptimizedLowerPathMap.cpp" />
    <ClCompile Include="Engine\Content\SxavengerContent.cpp" />
    <ClCompile Include="Engine\Asset\ModelAnimator\Animator\Animator.cpp" />
    <ClCompile Include="Engine\Asset\ModelAnimator\Model\Model.cpp" />
    <ClCompile Include="Engine\Asset\ModelAnimator\ModelAnimator.cpp" />
    <ClCompile Include="Engine\Asset\AssetCollection.cpp" />
    <ClCompile Include="Engine\Module\Skeleton\SkeletonMesh.cpp" />
    <ClCompile Include="Demo\Objects\ChessBoard.cpp" />
    <ClCompile Include="Demo\DemoModelRender.cpp" />
    <ClCompile Include="Demo\Objects\DemoHuman.cpp" />
    <ClCompile Include="Engine\System\Runtime\Performance\TimePoint.cpp" />
    <ClCompile Include="Engine\System\Runtime\Performance\Performance.cpp" />
    <ClCompile Include="Engine\System\Runtime\Performance\RunTimeTracker.cpp" />
    <ClCompile Include="Engine\Asset\Json\AssetJson.cpp" />
    <ClCompile Include="Lib\Easing.cpp" />
  </ItemGroup>
  <ItemGroup>
    <ClInclude Include="Engine\System\Window\Window.h" />
    <ClInclude Include="Lib\Adapter\Random\Random.h" />
    <ClInclude Include="Engine\System\Window\GameWindow.h" />
    <ClInclude Include="Engine\System\DirectX\DxObject\DxObjectCommon.h" />
    <ClInclude Include="Engine\System\Utility\Logger.h" />
    <ClInclude Include="Engine\System\Utility\ComPtr.h" />
    <ClInclude Include="Engine\System\DirectX\DxObject\DxDevice.h" />
    <ClInclude Include="Engine\System\DirectX\DxObject\DxDescriptorHeaps.h" />
    <ClInclude Include="Engine\System\DirectX\DxObject\DxDescriptor.h" />
    <ClInclude Include="Engine\System\DirectX\DirectXCommon.h" />
    <ClInclude Include="Engine\System\SxavengerSystem.h" />
    <ClInclude Include="Engine\System\DirectX\DxObject\DxShaderCompiler.h" />
    <ClInclude Include="Engine\System\DirectX\DxObject\DxSwapChain.h" />
    <ClInclude Include="Engine\System\DirectX\DxObject\DxCommandContext.h" />
    <ClInclude Include="Engine\System\DirectX\DxObject\DxDepthStencil.h" />
    <ClInclude Include="Lib\Geometry\MathLib.h" />
    <ClInclude Include="Lib\Geometry\Matrix4x4.h" />
    <ClInclude Include="Lib\Geometry\Quaternion.h" />
    <ClInclude Include="Lib\Geometry\Vector2.h" />
    <ClInclude Include="Lib\Geometry\Vector3.h" />
    <ClInclude Include="Lib\Geometry\Vector4.h" />
    <ClInclude Include="Lib\Geometry\VectorComparison.h" />
    <ClInclude Include="Lib\VertexStructure.h" />
    <ClInclude Include="Lib\CXXAttributeConfig.h" />
    <ClInclude Include="Lib\Environment.h" />
    <ClInclude Include="Engine\System\Window\GameWindowCollection.h" />
    <ClInclude Include="Engine\System\DirectX\DirectXContext.h" />
    <ClInclude Include="Engine\System\WinApp\WinApp.h" />
    <ClInclude Include="Engine\System\Runtime\Input\Input.h" />
    <ClInclude Include="Engine\System\Runtime\Input\InputId.h" />
    <ClInclude Include="Engine\System\DirectX\DxObject\DxDimensionBuffer.h" />
    <ClInclude Include="Engine\System\DirectX\DxObject\DxRootSignatureDesc.h" />
    <ClInclude Include="Engine\System\Cinfig\SxavengerDirectory.h" />
    <ClInclude Include="Engine\System\Config\SxavengerDirectory.h" />
    <ClInclude Include="Engine\Content\InputAssembler\InputAssembler.h" />
    <ClInclude Include="Engine\System\DirectX\DxObject\DxBlendState.h" />
    <ClInclude Include="Engine\System\UI\ImGuiController.h" />
    <ClInclude Include="Lib\Adapter\Json\IJsonSerializer.h" />
    <ClInclude Include="Lib\Adapter\Json\JsonAdapter.h" />
    <ClInclude Include="Engine\System\DirectX\DxObject\DxBindBuffer.h" />
    <ClInclude Include="Engine\Module\Behavior\BaseBehavior.h" />
    <ClInclude Include="Engine\Console\SystemConsole\SystemConsole.h" />
    <ClInclude Include="Engine\Console\Console.h" />
    <ClInclude Include="Engine\System\UI\ISystemDebugGui.h" />
    <ClInclude Include="Engine\Content\InputAssembler\InputMesh.h" />
    <ClInclude Include="Engine\Module\Camera\Camera3d.h" />
    <ClInclude Include="Lib\Sxl\OptimizedMap.h" />
    <ClInclude Include="Lib\Sxl\SxavengerLibrary.h" />
    <ClInclude Include="Lib\Sxl\LowerPathMap.h" />
    <ClInclude Include="Lib\Sxl\LowerUnorderedMap.h" />
    <ClInclude Include="Engine\Module\SxavengerGraphics\SystematicRenderFrame.h" />
    <ClInclude Include="Engine\Module\Camera\DebugCamera3d.h" />
    <ClInclude Include="Engine\Console\RenderConsole\RenderConsole.h" />
    <ClInclude Include="Engine\Console\RenderConsole\RenderBehavior.h" />
    <ClInclude Include="Engine\Module\SxavengerGraphics\XclipseProcessFrame.h" />
    <ClInclude Include="Engine\Module\SxavengerGraphics\AdaptiveRenderFrame.h" />
    <ClInclude Include="Engine\Module\SxavengerGraphics\VisualProcessFrame.h" />
    <ClInclude Include="Engine\Module\SxavengerGraphics\SxavGraphicsFrame.h" />
    <ClInclude Include="Engine\Module\SxavengerGraphics\DepthBufferController.h" />
    <ClInclude Include="Engine\Module\Pipeline\RenderPipelineCollection.h" />
    <ClInclude Include="Engine\Module\Behavior\ModelBehavior.h" />
    <ClInclude Include="Engine\Module\Pipeline\ComputePipelineCollection.h" />
    <ClInclude Include="Lib\Sxl\OptimizedSet.h" />
    <ClInclude Include="Engine\Module\SxavengerGraphics\ScreenPresenter.h" />
    <ClInclude Include="Engine\Module\VisualLayer\VisualLayer.h" />
    <ClInclude Include="Engine\Module\VisualLayer\VisualDoF.h" />
    <ClInclude Include="Engine\Console\AssetConsole\AssetConsole.h" />
    <ClInclude Include="Lib\MyMath.h" />
    <ClInclude Include="Engine\Module\Behavior\TransformBehavior.h" />
    <ClInclude Include="Engine\Module\Primitive\DebugPrimitive.h" />
    <ClInclude Include="Engine\Module\SxavengerModule.h" />
    <ClInclude Include="Engine\Module\Behavior\InstanceBehavior.h" />
    <ClInclude Include="Engine\Module\Material\MaterialComponent.h" />
    <ClInclude Include="Engine\Module\Animation\Animation.h" />
    <ClInclude Include="Engine\Content\Animation\Animation.h" />
    <ClInclude Include="Engine\Content\Animation\BornNode.h" />
    <ClInclude Include="Engine\Content\Animation\JointWeight.h" />
    <ClInclude Include="Engine\Module\Skeleton\Skeleton.h" />
    <ClInclude Include="Engine\Module\Skeleton\SkinCluster.h" />
    <ClInclude Include="Engine\System\DirectX\DxObject\DxUnorderedDimensionBuffer.h" />
    <ClInclude Include="Engine\Module\Behavior\AnimationBehavior.h" />
    <ClInclude Include="Engine\Module\Skeleton\SkinningPipeline.h" />
    <ClInclude Include="Engine\Module\Collider\Collider.h" />
    <ClInclude Include="Engine\Module\Collider\CollisionDetection.h" />
    <ClInclude Include="Engine\Module\Collider\ColliderCollection.h" />
    <ClInclude Include="Lib\Sxl\Formatter.h" />
    <ClInclude Include="Engine\Console\RenderConsole\Outliner.h" />
    <ClInclude Include="Engine\Adapter\Particle\BaseParticle.h" />
    <ClInclude Include="Lib\Adapter\Curve\Curve.h" />
    <ClInclude Include="Engine\System\DirectX\DxObject\DxShaderBlob.h" />
    <ClInclude Include="Engine\System\DirectX\DxObject\DxGraphicsPipelineState.h" />
    <ClInclude Include="Engine\System\DirectX\DxObject\DxComputePipelineState.h" />
    <ClInclude Include="Engine\System\Runtime\Scene\BaseScene.h" />
    <ClInclude Include="Engine\System\Runtime\Scene\BaseSceneFactory.h" />
    <ClInclude Include="Engine\System\Runtime\Scene\SceneController.h" />
    <ClInclude Include="Engine\System\Runtime\GameLoop\GameLoop.h" />
    <ClInclude Include="Engine\System\Runtime\Framework\IFramework.h" />
    <ClInclude Include="Engine\GameLoop\ConsoleGameLoop.h" />
    <ClInclude Include="Engine\GameLoop\EngineGameLoop.h" />
    <ClInclude Include="Engine\Asset\Texture\Texture.h" />
    <ClInclude Include="Engine\Asset\BaseAsset.h" />
    <ClInclude Include="Engine\Asset\Unknown\AssetUnknown.h" />
    <ClInclude Include="Engine\Asset\Thread\AsyncAssetThread.h" />
    <ClInclude Include="Engine\Asset\Thread\AsyncAssetThreadCollection.h" />
    <ClInclude Include="Engine\Asset\SxavengerAsset.h" />
    <ClInclude Include="Demo\GameLoop\DemoGameLoop.h" />
    <ClInclude Include="Engine\Module\TransformComponent\TransformComponent.h" />
    <ClInclude Include="Lib\Transform\Transform.h" />
    <ClInclude Include="Engine\Content\TextureBuffer\BaseOffscreenTexture.h" />
    <ClInclude Include="Engine\Content\TextureBuffer\MultiViewTextureBuffer.h" />
    <ClInclude Include="Engine\Content\TextureBuffer\OffscreenTextureCollection.h" />
    <ClInclude Include="Engine\Content\TextureBuffer\RenderTexture.h" />
    <ClInclude Include="Engine\Content\TextureBuffer\UnorderedTexture.h" />
    <ClInclude Include="Engine\Content\TextureBuffer\DepthTexture.h" />
    <ClInclude Include="Engine\Asset\AssetObserver.h" />
    <ClInclude Include="Engine\Module\Pipeline\CustomComputePipeline.h" />
    <ClInclude Include="Engine\Module\Pipeline\CustomGraphicsPipeline.h" />
    <ClInclude Include="Engine\Asset\Blob\AssetBlob.h" />
    <ClInclude Include="Lib\Sxl\OptimizedLowerPathMap.h" />
    <ClInclude Include="Engine\Content\SxavengerContent.h" />
    <ClInclude Include="Engine\Asset\ModelAnimator\Animator\Animator.h" />
    <ClInclude Include="Engine\Asset\ModelAnimator\Model\Model.h" />
    <ClInclude Include="Engine\Asset\ModelAnimator\ModelAnimator.h" />
    <ClInclude Include="Engine\Asset\AssetCollection.h" />
    <ClInclude Include="Engine\Module\Skeleton\SkeletonMesh.h" />
    <ClInclude Include="Demo\Objects\ChessBoard.h" />
    <ClInclude Include="Demo\DemoModelRender.h" />
    <ClInclude Include="Demo\Objects\DemoHuman.h" />
    <ClInclude Include="Engine\System\Runtime\Performance\TimePoint.h" />
    <ClInclude Include="Engine\System\Runtime\Performance\Performance.h" />
    <ClInclude Include="Engine\System\Runtime\Performance\RunTimeTracker.h" />
    <ClInclude Include="Engine\Asset\Json\AssetJson.h" />
    <ClInclude Include="Lib\Easing.h" />
  </ItemGroup>
</Project>