
Microsoft Visual Studio Solution File, Format Version 12.00
# Visual Studio Version 18
VisualStudioVersion = 18.3.11222.16 d18.3
MinimumVisualStudioVersion = 10.0.40219.1
Project("{8BC9CEB8-8B4A-11D0-8D11-00A0C91BC942}") = "SxavengerEngine", "SxavengerEngine.vcxproj", "{0E942451-7A1F-9215-8330-150AEF3AEE15}"
	ProjectSection(ProjectDependencies) = postProject
		{371B9FA9-4C90-4AC6-A123-ACED756D6C77} = {371B9FA9-4C90-4AC6-A123-ACED756D6C77}
		{A4D2730B-3B09-47DB-9A37-3445E9559DE4} = {A4D2730B-3B09-47DB-9A37-3445E9559DE4}
	EndProjectSection
EndProject
Project("{8BC9CEB8-8B4A-11D0-8D11-00A0C91BC942}") = "DirectXTex", "externals\DirectXTex\DirectXTex_Desktop_2022_Win10.vcxproj", "{371B9FA9-4C90-4AC6-A123-ACED756D6C77}"
EndProject
Project("{8BC9CEB8-8B4A-11D0-8D11-00A0C91BC942}") = "imgui", "externals\imgui\imgui.vcxproj", "{A4D2730B-3B09-47DB-9A37-3445E9559DE4}"
EndProject
Global
	GlobalSection(SolutionConfigurationPlatforms) = preSolution
		Debug|x64 = Debug|x64
		Develop|x64 = Develop|x64
		Release|x64 = Release|x64
	EndGlobalSection
	GlobalSection(ProjectConfigurationPlatforms) = postSolution
		{0E942451-7A1F-9215-8330-150AEF3AEE15}.Debug|x64.ActiveCfg = Debug|x64
		{0E942451-7A1F-9215-8330-150AEF3AEE15}.Debug|x64.Build.0 = Debug|x64
		{0E942451-7A1F-9215-8330-150AEF3AEE15}.Develop|x64.ActiveCfg = Develop|x64
		{0E942451-7A1F-9215-8330-150AEF3AEE15}.Develop|x64.Build.0 = Develop|x64
		{0E942451-7A1F-9215-8330-150AEF3AEE15}.Release|x64.ActiveCfg = Release|x64
		{0E942451-7A1F-9215-8330-150AEF3AEE15}.Release|x64.Build.0 = Release|x64
		{371B9FA9-4C90-4AC6-A123-ACED756D6C77}.Debug|x64.ActiveCfg = Debug|x64
		{371B9FA9-4C90-4AC6-A123-ACED756D6C77}.Debug|x64.Build.0 = Debug|x64
		{371B9FA9-4C90-4AC6-A123-ACED756D6C77}.Develop|x64.ActiveCfg = Release|x64
		{371B9FA9-4C90-4AC6-A123-ACED756D6C77}.Develop|x64.Build.0 = Release|x64
		{371B9FA9-4C90-4AC6-A123-ACED756D6C77}.Release|x64.ActiveCfg = Release|x64
		{371B9FA9-4C90-4AC6-A123-ACED756D6C77}.Release|x64.Build.0 = Release|x64
		{A4D2730B-3B09-47DB-9A37-3445E9559DE4}.Debug|x64.ActiveCfg = Debug|x64
		{A4D2730B-3B09-47DB-9A37-3445E9559DE4}.Debug|x64.Build.0 = Debug|x64
		{A4D2730B-3B09-47DB-9A37-3445E9559DE4}.Develop|x64.ActiveCfg = Release|x64
		{A4D2730B-3B09-47DB-9A37-3445E9559DE4}.Develop|x64.Build.0 = Release|x64
		{A4D2730B-3B09-47DB-9A37-3445E9559DE4}.Release|x64.ActiveCfg = Release|x64
		{A4D2730B-3B09-47DB-9A37-3445E9559DE4}.Release|x64.Build.0 = Release|x64
	EndGlobalSection
	GlobalSection(SolutionProperties) = preSolution
		HideSolutionNode = FALSE
	EndGlobalSection
EndGlobal
