<Solution Description="Visual Studio slnx file generated by Premake" Version="1.4">
  <Configurations>
    <BuildType Name="Debug" />
    <BuildType Name="Develop" />
    <BuildType Name="Release" />
    <Platform Name="x64" />
  </Configurations>
  <Project Path="Externals\DirectXTex\DirectXTex.vcxproj" Id="A90EE592-95C6-26E0-FECD-FF3BEAA4C1D0">
    <BuildType Solution="Develop|*" Project="Release" />
  </Project>
  <Project Path="Externals\imgui\ImGui-Docking.vcxproj" Id="0CE07B87-78A0-F7BD-41DB-403BAD5A3C9A">
    <BuildType Solution="Develop|*" Project="Release" />
  </Project>
  <Project Path="Externals\meshoptimizer\meshoptimizer.vcxproj" Id="75046AD2-E1C4-E508-AAFF-2E86167F2AE5">
    <BuildType Solution="Develop|*" Project="Release" />
  </Project>
  <Project Path="Assets\script\Script.csproj" Id="9AFBBAD0-869D-E5A6-6F58-F9FA5B996CF7">
  </Project>
  <Project Path="SxavengerEngine.vcxproj" Id="0E942451-7A1F-9215-8330-150AEF3AEE15" DefaultStartup="true">
    <BuildDependency Project="Externals\DirectXTex\DirectXTex.vcxproj" />
    <BuildDependency Project="Externals\imgui\ImGui-Docking.vcxproj" />
    <BuildDependency Project="Externals\meshoptimizer\meshoptimizer.vcxproj" />
    <BuildDependency Project="Assets\script\Script.csproj" />
  </Project>
</Solution>